// !$*UTF8*$!
{
	archiveVersion = 1;
	classes = {
	};
	objectVersion = 45;
	objects = {

/* Begin PBXBuildFile section */
		1D3623260D0F684500981E51 /* PlayerAppDelegate.m in Sources */ = {isa = PBXBuildFile; fileRef = 1D3623250D0F684500981E51 /* PlayerAppDelegate.m */; };
		1D60589F0D05DD5A006BFB54 /* Foundation.framework in Frameworks */ = {isa = PBXBuildFile; fileRef = 1D30AB110D05D00D00671497 /* Foundation.framework */; };
		1DF5F4E00D08C38300B7A737 /* UIKit.framework in Frameworks */ = {isa = PBXBuildFile; fileRef = 1DF5F4DF0D08C38300B7A737 /* UIKit.framework */; };
		288765A50DF7441C002DB57D /* CoreGraphics.framework in Frameworks */ = {isa = PBXBuildFile; fileRef = 288765A40DF7441C002DB57D /* CoreGraphics.framework */; };
		28AD733F0D9D9553002E5188 /* MainWindow.xib in Resources */ = {isa = PBXBuildFile; fileRef = 28AD733E0D9D9553002E5188 /* MainWindow.xib */; };
		28D7ACF80DDB3853001CB0EB /* PlayerViewController.m in Sources */ = {isa = PBXBuildFile; fileRef = 28D7ACF70DDB3853001CB0EB /* PlayerViewController.m */; };
		84372F0E11D98A8B00E0A4EA /* about.html in Resources */ = {isa = PBXBuildFile; fileRef = 84372F0B11D98A8A00E0A4EA /* about.html */; };
		8468FE8D11A9CE9C003440BC /* clear.cache.gif in Resources */ = {isa = PBXBuildFile; fileRef = 8468FE8811A9CE9C003440BC /* clear.cache.gif */; };
		8468FE9011A9CE9C003440BC /* iphone.css in Resources */ = {isa = PBXBuildFile; fileRef = 8468FE8B11A9CE9C003440BC /* iphone.css */; };
		8468FED211AA21C3003440BC /* Iphone.nocache.js in Resources */ = {isa = PBXBuildFile; fileRef = 8468FED011AA21B6003440BC /* Iphone.nocache.js */; };
		8477CAEE120DE5350064FAA6 /* bottom1.png in Resources */ = {isa = PBXBuildFile; fileRef = 8477CADD120DE5340064FAA6 /* bottom1.png */; };
		8477CAEF120DE5350064FAA6 /* bottom2.png in Resources */ = {isa = PBXBuildFile; fileRef = 8477CADE120DE5340064FAA6 /* bottom2.png */; };
		8477CAF0120DE5350064FAA6 /* bottomleft.png in Resources */ = {isa = PBXBuildFile; fileRef = 8477CADF120DE5340064FAA6 /* bottomleft.png */; };
		8477CAF1120DE5350064FAA6 /* bottomright.png in Resources */ = {isa = PBXBuildFile; fileRef = 8477CAE0120DE5340064FAA6 /* bottomright.png */; };
		8477CAF2120DE5350064FAA6 /* center.png in Resources */ = {isa = PBXBuildFile; fileRef = 8477CAE1120DE5340064FAA6 /* center.png */; };
		8477CAF4120DE5350064FAA6 /* hosted.html in Resources */ = {isa = PBXBuildFile; fileRef = 8477CAE3120DE5350064FAA6 /* hosted.html */; };
		8477CAF5120DE5350064FAA6 /* left.png in Resources */ = {isa = PBXBuildFile; fileRef = 8477CAE4120DE5350064FAA6 /* left.png */; };
		8477CAF6120DE5350064FAA6 /* middlebottom.png in Resources */ = {isa = PBXBuildFile; fileRef = 8477CAE5120DE5350064FAA6 /* middlebottom.png */; };
		8477CAF7120DE5350064FAA6 /* middletop.png in Resources */ = {isa = PBXBuildFile; fileRef = 8477CAE6120DE5350064FAA6 /* middletop.png */; };
		8477CAF8120DE5350064FAA6 /* right.png in Resources */ = {isa = PBXBuildFile; fileRef = 8477CAE7120DE5350064FAA6 /* right.png */; };
		8477CAF9120DE5350064FAA6 /* top1.png in Resources */ = {isa = PBXBuildFile; fileRef = 8477CAE8120DE5350064FAA6 /* top1.png */; };
		8477CAFA120DE5350064FAA6 /* top2.png in Resources */ = {isa = PBXBuildFile; fileRef = 8477CAE9120DE5350064FAA6 /* top2.png */; };
		8477CAFB120DE5350064FAA6 /* topleft.png in Resources */ = {isa = PBXBuildFile; fileRef = 8477CAEA120DE5350064FAA6 /* topleft.png */; };
		8477CAFC120DE5350064FAA6 /* topright.png in Resources */ = {isa = PBXBuildFile; fileRef = 8477CAEB120DE5350064FAA6 /* topright.png */; };
		847A597311EBE9610050450A /* AudioToolbox.framework in Frameworks */ = {isa = PBXBuildFile; fileRef = 847A597211EBE9610050450A /* AudioToolbox.framework */; };
		847A59A711EBF30A0050450A /* GBMusicTrack.m in Sources */ = {isa = PBXBuildFile; fileRef = 847A59A611EBF30A0050450A /* GBMusicTrack.m */; };
		847C6DA311ED5C3D00AD7D70 /* UIWebViewDelegate.m in Sources */ = {isa = PBXBuildFile; fileRef = 847C6DA211ED5C3D00AD7D70 /* UIWebViewDelegate.m */; };
		847F0ED11260BEC700CF4912 /* d6_128x128.png in Resources */ = {isa = PBXBuildFile; fileRef = 847F0EC81260BEC700CF4912 /* d6_128x128.png */; };
		847F0ED31260BEC700CF4912 /* final.jpg in Resources */ = {isa = PBXBuildFile; fileRef = 847F0ECA1260BEC700CF4912 /* final.jpg */; };
		847F0ED41260BEC700CF4912 /* gorun.jpg in Resources */ = {isa = PBXBuildFile; fileRef = 847F0ECB1260BEC700CF4912 /* gorun.jpg */; };
		847F0ED51260BEC700CF4912 /* guslars.jpg in Resources */ = {isa = PBXBuildFile; fileRef = 847F0ECC1260BEC700CF4912 /* guslars.jpg */; };
		847F0ED61260BEC700CF4912 /* koshey.jpg in Resources */ = {isa = PBXBuildFile; fileRef = 847F0ECD1260BEC700CF4912 /* koshey.jpg */; };
		847F0ED71260BEC700CF4912 /* photo_2202_20081122.jpg in Resources */ = {isa = PBXBuildFile; fileRef = 847F0ECE1260BEC700CF4912 /* photo_2202_20081122.jpg */; };
		847F0ED81260BEC700CF4912 /* RIP_stone.ico in Resources */ = {isa = PBXBuildFile; fileRef = 847F0ECF1260BEC700CF4912 /* RIP_stone.ico */; };
		847F0ED91260BEC700CF4912 /* skull.ico in Resources */ = {isa = PBXBuildFile; fileRef = 847F0ED01260BEC700CF4912 /* skull.ico */; };
		847F0EF31260BF5700CF4912 /* main.m in Sources */ = {isa = PBXBuildFile; fileRef = 847F0EF21260BF5700CF4912 /* main.m */; };
		84935F9311A80FA700C1042B /* main.html in Resources */ = {isa = PBXBuildFile; fileRef = 84935F9211A80FA700C1042B /* main.html */; };
		8496D062126E974A00F5212B /* 63870A2644364574A1783F65F7E00107.cache.html in Resources */ = {isa = PBXBuildFile; fileRef = 8496D061126E974A00F5212B /* 63870A2644364574A1783F65F7E00107.cache.html */; };
/* End PBXBuildFile section */

/* Begin PBXFileReference section */
		1D30AB110D05D00D00671497 /* Foundation.framework */ = {isa = PBXFileReference; lastKnownFileType = wrapper.framework; name = Foundation.framework; path = System/Library/Frameworks/Foundation.framework; sourceTree = SDKROOT; };
		1D3623240D0F684500981E51 /* PlayerAppDelegate.h */ = {isa = PBXFileReference; fileEncoding = 4; lastKnownFileType = sourcecode.c.h; path = PlayerAppDelegate.h; sourceTree = "<group>"; };
		1D3623250D0F684500981E51 /* PlayerAppDelegate.m */ = {isa = PBXFileReference; fileEncoding = 4; lastKnownFileType = sourcecode.c.objc; path = PlayerAppDelegate.m; sourceTree = "<group>"; };
		1D6058910D05DD3D006BFB54 /* Player.app */ = {isa = PBXFileReference; explicitFileType = wrapper.application; includeInIndex = 0; path = Player.app; sourceTree = BUILT_PRODUCTS_DIR; };
		1DF5F4DF0D08C38300B7A737 /* UIKit.framework */ = {isa = PBXFileReference; lastKnownFileType = wrapper.framework; name = UIKit.framework; path = System/Library/Frameworks/UIKit.framework; sourceTree = SDKROOT; };
		288765A40DF7441C002DB57D /* CoreGraphics.framework */ = {isa = PBXFileReference; lastKnownFileType = wrapper.framework; name = CoreGraphics.framework; path = System/Library/Frameworks/CoreGraphics.framework; sourceTree = SDKROOT; };
		28AD733E0D9D9553002E5188 /* MainWindow.xib */ = {isa = PBXFileReference; lastKnownFileType = file.xib; path = MainWindow.xib; sourceTree = "<group>"; };
		28D7ACF60DDB3853001CB0EB /* PlayerViewController.h */ = {isa = PBXFileReference; fileEncoding = 4; lastKnownFileType = sourcecode.c.h; path = PlayerViewController.h; sourceTree = "<group>"; };
		28D7ACF70DDB3853001CB0EB /* PlayerViewController.m */ = {isa = PBXFileReference; fileEncoding = 4; lastKnownFileType = sourcecode.c.objc; path = PlayerViewController.m; sourceTree = "<group>"; };
		84372F0B11D98A8A00E0A4EA /* about.html */ = {isa = PBXFileReference; fileEncoding = 4; lastKnownFileType = text.html; name = about.html; path = ../iphone_ru/about.html; sourceTree = SOURCE_ROOT; };
		8468FE8811A9CE9C003440BC /* clear.cache.gif */ = {isa = PBXFileReference; lastKnownFileType = image.gif; name = clear.cache.gif; path = ../iphone_ru/clear.cache.gif; sourceTree = SOURCE_ROOT; };
		8468FE8B11A9CE9C003440BC /* iphone.css */ = {isa = PBXFileReference; fileEncoding = 4; lastKnownFileType = text.css; name = iphone.css; path = ../iphone_ru/iphone.css; sourceTree = SOURCE_ROOT; };
		8468FED011AA21B6003440BC /* Iphone.nocache.js */ = {isa = PBXFileReference; fileEncoding = 4; lastKnownFileType = sourcecode.javascript; name = Iphone.nocache.js; path = ../iphone_ru/Iphone.nocache.js; sourceTree = SOURCE_ROOT; };
		8477CADD120DE5340064FAA6 /* bottom1.png */ = {isa = PBXFileReference; lastKnownFileType = image.png; name = bottom1.png; path = ../iphone_ru/bottom1.png; sourceTree = SOURCE_ROOT; };
		8477CADE120DE5340064FAA6 /* bottom2.png */ = {isa = PBXFileReference; lastKnownFileType = image.png; name = bottom2.png; path = ../iphone_ru/bottom2.png; sourceTree = SOURCE_ROOT; };
		8477CADF120DE5340064FAA6 /* bottomleft.png */ = {isa = PBXFileReference; lastKnownFileType = image.png; name = bottomleft.png; path = ../iphone_ru/bottomleft.png; sourceTree = SOURCE_ROOT; };
		8477CAE0120DE5340064FAA6 /* bottomright.png */ = {isa = PBXFileReference; lastKnownFileType = image.png; name = bottomright.png; path = ../iphone_ru/bottomright.png; sourceTree = SOURCE_ROOT; };
		8477CAE1120DE5340064FAA6 /* center.png */ = {isa = PBXFileReference; lastKnownFileType = image.png; name = center.png; path = ../iphone_ru/center.png; sourceTree = SOURCE_ROOT; };
		8477CAE3120DE5350064FAA6 /* hosted.html */ = {isa = PBXFileReference; fileEncoding = 4; lastKnownFileType = text.html; name = hosted.html; path = ../iphone_ru/hosted.html; sourceTree = SOURCE_ROOT; };
		8477CAE4120DE5350064FAA6 /* left.png */ = {isa = PBXFileReference; lastKnownFileType = image.png; name = left.png; path = ../iphone_ru/left.png; sourceTree = SOURCE_ROOT; };
		8477CAE5120DE5350064FAA6 /* middlebottom.png */ = {isa = PBXFileReference; lastKnownFileType = image.png; name = middlebottom.png; path = ../iphone_ru/middlebottom.png; sourceTree = SOURCE_ROOT; };
		8477CAE6120DE5350064FAA6 /* middletop.png */ = {isa = PBXFileReference; lastKnownFileType = image.png; name = middletop.png; path = ../iphone_ru/middletop.png; sourceTree = SOURCE_ROOT; };
		8477CAE7120DE5350064FAA6 /* right.png */ = {isa = PBXFileReference; lastKnownFileType = image.png; name = right.png; path = ../iphone_ru/right.png; sourceTree = SOURCE_ROOT; };
		8477CAE8120DE5350064FAA6 /* top1.png */ = {isa = PBXFileReference; lastKnownFileType = image.png; name = top1.png; path = ../iphone_ru/top1.png; sourceTree = SOURCE_ROOT; };
		8477CAE9120DE5350064FAA6 /* top2.png */ = {isa = PBXFileReference; lastKnownFileType = image.png; name = top2.png; path = ../iphone_ru/top2.png; sourceTree = SOURCE_ROOT; };
		8477CAEA120DE5350064FAA6 /* topleft.png */ = {isa = PBXFileReference; lastKnownFileType = image.png; name = topleft.png; path = ../iphone_ru/topleft.png; sourceTree = SOURCE_ROOT; };
		8477CAEB120DE5350064FAA6 /* topright.png */ = {isa = PBXFileReference; lastKnownFileType = image.png; name = topright.png; path = ../iphone_ru/topright.png; sourceTree = SOURCE_ROOT; };
		847A597211EBE9610050450A /* AudioToolbox.framework */ = {isa = PBXFileReference; lastKnownFileType = wrapper.framework; name = AudioToolbox.framework; path = /System/Library/Frameworks/AudioToolbox.framework; sourceTree = "<absolute>"; };
		847A59A511EBF1BF0050450A /* GBMusicTrack.h */ = {isa = PBXFileReference; fileEncoding = 4; lastKnownFileType = sourcecode.c.h; path = GBMusicTrack.h; sourceTree = "<group>"; };
		847A59A611EBF30A0050450A /* GBMusicTrack.m */ = {isa = PBXFileReference; fileEncoding = 4; lastKnownFileType = sourcecode.c.objc; path = GBMusicTrack.m; sourceTree = "<group>"; };
		847C6DA111ED5C3D00AD7D70 /* UIWebViewDelegate.h */ = {isa = PBXFileReference; fileEncoding = 4; lastKnownFileType = sourcecode.c.h; path = UIWebViewDelegate.h; sourceTree = "<group>"; };
		847C6DA211ED5C3D00AD7D70 /* UIWebViewDelegate.m */ = {isa = PBXFileReference; fileEncoding = 4; lastKnownFileType = sourcecode.c.objc; path = UIWebViewDelegate.m; sourceTree = "<group>"; };
		847F0EC81260BEC700CF4912 /* d6_128x128.png */ = {isa = PBXFileReference; lastKnownFileType = image.png; name = d6_128x128.png; path = ../iphone_ru/d6_128x128.png; sourceTree = SOURCE_ROOT; };
		847F0ECA1260BEC700CF4912 /* final.jpg */ = {isa = PBXFileReference; lastKnownFileType = image.jpeg; name = final.jpg; path = ../iphone_ru/final.jpg; sourceTree = SOURCE_ROOT; };
		847F0ECB1260BEC700CF4912 /* gorun.jpg */ = {isa = PBXFileReference; lastKnownFileType = image.jpeg; name = gorun.jpg; path = ../iphone_ru/gorun.jpg; sourceTree = SOURCE_ROOT; };
		847F0ECC1260BEC700CF4912 /* guslars.jpg */ = {isa = PBXFileReference; lastKnownFileType = image.jpeg; name = guslars.jpg; path = ../iphone_ru/guslars.jpg; sourceTree = SOURCE_ROOT; };
		847F0ECD1260BEC700CF4912 /* koshey.jpg */ = {isa = PBXFileReference; lastKnownFileType = image.jpeg; name = koshey.jpg; path = ../iphone_ru/koshey.jpg; sourceTree = SOURCE_ROOT; };
		847F0ECE1260BEC700CF4912 /* photo_2202_20081122.jpg */ = {isa = PBXFileReference; lastKnownFileType = image.jpeg; name = photo_2202_20081122.jpg; path = ../iphone_ru/photo_2202_20081122.jpg; sourceTree = SOURCE_ROOT; };
		847F0ECF1260BEC700CF4912 /* RIP_stone.ico */ = {isa = PBXFileReference; lastKnownFileType = image.ico; name = RIP_stone.ico; path = ../iphone_ru/RIP_stone.ico; sourceTree = SOURCE_ROOT; };
		847F0ED01260BEC700CF4912 /* skull.ico */ = {isa = PBXFileReference; lastKnownFileType = image.ico; name = skull.ico; path = ../iphone_ru/skull.ico; sourceTree = SOURCE_ROOT; };
		847F0EF21260BF5700CF4912 /* main.m */ = {isa = PBXFileReference; fileEncoding = 4; lastKnownFileType = sourcecode.c.objc; name = main.m; path = ../main.m; sourceTree = "<group>"; };
		847F0EF41260BF6F00CF4912 /* Player_Prefix.pch */ = {isa = PBXFileReference; fileEncoding = 4; lastKnownFileType = sourcecode.c.h; path = Player_Prefix.pch; sourceTree = SOURCE_ROOT; };
		84935F9211A80FA700C1042B /* main.html */ = {isa = PBXFileReference; fileEncoding = 4; lastKnownFileType = text.html; path = main.html; sourceTree = "<group>"; };
		8496D061126E974A00F5212B /* 63870A2644364574A1783F65F7E00107.cache.html */ = {isa = PBXFileReference; fileEncoding = 4; lastKnownFileType = text.html; name = 63870A2644364574A1783F65F7E00107.cache.html; path = ../iphone_ru/63870A2644364574A1783F65F7E00107.cache.html; sourceTree = SOURCE_ROOT; };
		8D1107310486CEB800E47090 /* Info.plist */ = {isa = PBXFileReference; fileEncoding = 4; lastKnownFileType = text.plist.xml; path = Info.plist; sourceTree = "<group>"; };
/* End PBXFileReference section */

/* Begin PBXFrameworksBuildPhase section */
		1D60588F0D05DD3D006BFB54 /* Frameworks */ = {
			isa = PBXFrameworksBuildPhase;
			buildActionMask = 2147483647;
			files = (
				1D60589F0D05DD5A006BFB54 /* Foundation.framework in Frameworks */,
				1DF5F4E00D08C38300B7A737 /* UIKit.framework in Frameworks */,
				288765A50DF7441C002DB57D /* CoreGraphics.framework in Frameworks */,
				847A597311EBE9610050450A /* AudioToolbox.framework in Frameworks */,
			);
			runOnlyForDeploymentPostprocessing = 0;
		};
/* End PBXFrameworksBuildPhase section */

/* Begin PBXGroup section */
		080E96DDFE201D6D7F000001 /* Classes */ = {
			isa = PBXGroup;
			children = (
				847F0EF41260BF6F00CF4912 /* Player_Prefix.pch */,
				847F0EF21260BF5700CF4912 /* main.m */,
				1D3623240D0F684500981E51 /* PlayerAppDelegate.h */,
				1D3623250D0F684500981E51 /* PlayerAppDelegate.m */,
				28D7ACF60DDB3853001CB0EB /* PlayerViewController.h */,
				847C6DA111ED5C3D00AD7D70 /* UIWebViewDelegate.h */,
				847C6DA211ED5C3D00AD7D70 /* UIWebViewDelegate.m */,
				28D7ACF70DDB3853001CB0EB /* PlayerViewController.m */,
				847A59A511EBF1BF0050450A /* GBMusicTrack.h */,
				847A59A611EBF30A0050450A /* GBMusicTrack.m */,
			);
			path = Classes;
			sourceTree = "<group>";
		};
		19C28FACFE9D520D11CA2CBB /* Products */ = {
			isa = PBXGroup;
			children = (
				1D6058910D05DD3D006BFB54 /* Player.app */,
			);
			name = Products;
			sourceTree = "<group>";
		};
		29B97314FDCFA39411CA2CEA /* CustomTemplate */ = {
			isa = PBXGroup;
			children = (
				080E96DDFE201D6D7F000001 /* Classes */,
				29B97315FDCFA39411CA2CEA /* Other Sources */,
				29B97317FDCFA39411CA2CEA /* Resources */,
				29B97323FDCFA39411CA2CEA /* Frameworks */,
				19C28FACFE9D520D11CA2CBB /* Products */,
			);
			name = CustomTemplate;
			sourceTree = "<group>";
		};
		29B97315FDCFA39411CA2CEA /* Other Sources */ = {
			isa = PBXGroup;
			children = (
				8496D061126E974A00F5212B /* 63870A2644364574A1783F65F7E00107.cache.html */,
				847F0EC81260BEC700CF4912 /* d6_128x128.png */,
				847F0ECA1260BEC700CF4912 /* final.jpg */,
				847F0ECB1260BEC700CF4912 /* gorun.jpg */,
				847F0ECC1260BEC700CF4912 /* guslars.jpg */,
				847F0ECD1260BEC700CF4912 /* koshey.jpg */,
				847F0ECE1260BEC700CF4912 /* photo_2202_20081122.jpg */,
				847F0ECF1260BEC700CF4912 /* RIP_stone.ico */,
				847F0ED01260BEC700CF4912 /* skull.ico */,
				8477CADD120DE5340064FAA6 /* bottom1.png */,
				8477CADE120DE5340064FAA6 /* bottom2.png */,
				8477CADF120DE5340064FAA6 /* bottomleft.png */,
				8477CAE0120DE5340064FAA6 /* bottomright.png */,
				8477CAE1120DE5340064FAA6 /* center.png */,
				8477CAE3120DE5350064FAA6 /* hosted.html */,
				8477CAE4120DE5350064FAA6 /* left.png */,
				8477CAE5120DE5350064FAA6 /* middlebottom.png */,
				8477CAE6120DE5350064FAA6 /* middletop.png */,
				8477CAE7120DE5350064FAA6 /* right.png */,
				8477CAE8120DE5350064FAA6 /* top1.png */,
				8477CAE9120DE5350064FAA6 /* top2.png */,
				8477CAEA120DE5350064FAA6 /* topleft.png */,
				8477CAEB120DE5350064FAA6 /* topright.png */,
				84372F0B11D98A8A00E0A4EA /* about.html */,
			);
			name = "Other Sources";
			sourceTree = "<group>";
		};
		29B97317FDCFA39411CA2CEA /* Resources */ = {
			isa = PBXGroup;
			children = (
				8468FED011AA21B6003440BC /* Iphone.nocache.js */,
				8468FE8811A9CE9C003440BC /* clear.cache.gif */,
				8468FE8B11A9CE9C003440BC /* iphone.css */,
				84935F9211A80FA700C1042B /* main.html */,
				28AD733E0D9D9553002E5188 /* MainWindow.xib */,
				8D1107310486CEB800E47090 /* Info.plist */,
			);
			name = Resources;
			sourceTree = "<group>";
		};
		29B97323FDCFA39411CA2CEA /* Frameworks */ = {
			isa = PBXGroup;
			children = (
				847A597211EBE9610050450A /* AudioToolbox.framework */,
				1DF5F4DF0D08C38300B7A737 /* UIKit.framework */,
				1D30AB110D05D00D00671497 /* Foundation.framework */,
				288765A40DF7441C002DB57D /* CoreGraphics.framework */,
			);
			name = Frameworks;
			sourceTree = "<group>";
		};
/* End PBXGroup section */

/* Begin PBXNativeTarget section */
		1D6058900D05DD3D006BFB54 /* Player */ = {
			isa = PBXNativeTarget;
			buildConfigurationList = 1D6058960D05DD3E006BFB54 /* Build configuration list for PBXNativeTarget "Player" */;
			buildPhases = (
				1D60588D0D05DD3D006BFB54 /* Resources */,
				1D60588E0D05DD3D006BFB54 /* Sources */,
				1D60588F0D05DD3D006BFB54 /* Frameworks */,
			);
			buildRules = (
			);
			dependencies = (
			);
			name = Player;
			productName = Player;
			productReference = 1D6058910D05DD3D006BFB54 /* Player.app */;
			productType = "com.apple.product-type.application";
		};
/* End PBXNativeTarget section */

/* Begin PBXProject section */
		29B97313FDCFA39411CA2CEA /* Project object */ = {
			isa = PBXProject;
			buildConfigurationList = C01FCF4E08A954540054247B /* Build configuration list for PBXProject "Player" */;
			compatibilityVersion = "Xcode 3.1";
			hasScannedForEncodings = 1;
			mainGroup = 29B97314FDCFA39411CA2CEA /* CustomTemplate */;
			projectDirPath = "";
			projectRoot = "";
			targets = (
				1D6058900D05DD3D006BFB54 /* Player */,
			);
		};
/* End PBXProject section */

/* Begin PBXResourcesBuildPhase section */
		1D60588D0D05DD3D006BFB54 /* Resources */ = {
			isa = PBXResourcesBuildPhase;
			buildActionMask = 2147483647;
			files = (
				8468FED211AA21C3003440BC /* Iphone.nocache.js in Resources */,
				28AD733F0D9D9553002E5188 /* MainWindow.xib in Resources */,
				84935F9311A80FA700C1042B /* main.html in Resources */,
				8468FE8D11A9CE9C003440BC /* clear.cache.gif in Resources */,
				8468FE9011A9CE9C003440BC /* iphone.css in Resources */,
				84372F0E11D98A8B00E0A4EA /* about.html in Resources */,
				8477CAEE120DE5350064FAA6 /* bottom1.png in Resources */,
				8477CAEF120DE5350064FAA6 /* bottom2.png in Resources */,
				8477CAF0120DE5350064FAA6 /* bottomleft.png in Resources */,
				8477CAF1120DE5350064FAA6 /* bottomright.png in Resources */,
				8477CAF2120DE5350064FAA6 /* center.png in Resources */,
				8477CAF4120DE5350064FAA6 /* hosted.html in Resources */,
				8477CAF5120DE5350064FAA6 /* left.png in Resources */,
				8477CAF6120DE5350064FAA6 /* middlebottom.png in Resources */,
				8477CAF7120DE5350064FAA6 /* middletop.png in Resources */,
				8477CAF8120DE5350064FAA6 /* right.png in Resources */,
				8477CAF9120DE5350064FAA6 /* top1.png in Resources */,
				8477CAFA120DE5350064FAA6 /* top2.png in Resources */,
				8477CAFB120DE5350064FAA6 /* topleft.png in Resources */,
				8477CAFC120DE5350064FAA6 /* topright.png in Resources */,
				847F0ED11260BEC700CF4912 /* d6_128x128.png in Resources */,
				847F0ED31260BEC700CF4912 /* final.jpg in Resources */,
				847F0ED41260BEC700CF4912 /* gorun.jpg in Resources */,
				847F0ED51260BEC700CF4912 /* guslars.jpg in Resources */,
				847F0ED61260BEC700CF4912 /* koshey.jpg in Resources */,
				847F0ED71260BEC700CF4912 /* photo_2202_20081122.jpg in Resources */,
				847F0ED81260BEC700CF4912 /* RIP_stone.ico in Resources */,
				847F0ED91260BEC700CF4912 /* skull.ico in Resources */,
				8496D062126E974A00F5212B /* 63870A2644364574A1783F65F7E00107.cache.html in Resources */,
			);
			runOnlyForDeploymentPostprocessing = 0;
		};
/* End PBXResourcesBuildPhase section */

/* Begin PBXSourcesBuildPhase section */
		1D60588E0D05DD3D006BFB54 /* Sources */ = {
			isa = PBXSourcesBuildPhase;
			buildActionMask = 2147483647;
			files = (
				1D3623260D0F684500981E51 /* PlayerAppDelegate.m in Sources */,
				28D7ACF80DDB3853001CB0EB /* PlayerViewController.m in Sources */,
				847A59A711EBF30A0050450A /* GBMusicTrack.m in Sources */,
				847C6DA311ED5C3D00AD7D70 /* UIWebViewDelegate.m in Sources */,
				847F0EF31260BF5700CF4912 /* main.m in Sources */,
			);
			runOnlyForDeploymentPostprocessing = 0;
		};
/* End PBXSourcesBuildPhase section */

/* Begin XCBuildConfiguration section */
		1D6058940D05DD3E006BFB54 /* Debug */ = {
			isa = XCBuildConfiguration;
			buildSettings = {
				ALWAYS_SEARCH_USER_PATHS = NO;
				COPY_PHASE_STRIP = NO;
				GCC_DYNAMIC_NO_PIC = NO;
				GCC_OPTIMIZATION_LEVEL = 0;
				GCC_PRECOMPILE_PREFIX_HEADER = YES;
				GCC_PREFIX_HEADER = Player_Prefix.pch;
				INFOPLIST_FILE = Info.plist;
				PRODUCT_NAME = Player;
			};
			name = Debug;
		};
		1D6058950D05DD3E006BFB54 /* Release */ = {
			isa = XCBuildConfiguration;
			buildSettings = {
				ALWAYS_SEARCH_USER_PATHS = NO;
				COPY_PHASE_STRIP = YES;
				GCC_PRECOMPILE_PREFIX_HEADER = YES;
				GCC_PREFIX_HEADER = Player_Prefix.pch;
				INFOPLIST_FILE = Info.plist;
				PRODUCT_NAME = Player;
			};
			name = Release;
		};
		C01FCF4F08A954540054247B /* Debug */ = {
			isa = XCBuildConfiguration;
			buildSettings = {
				ARCHS = "$(ARCHS_STANDARD_32_BIT)";
				"CODE_SIGN_IDENTITY[sdk=iphoneos*]" = "iPhone Developer";
				GCC_C_LANGUAGE_STANDARD = c99;
				GCC_WARN_ABOUT_RETURN_TYPE = YES;
				GCC_WARN_UNUSED_VARIABLE = YES;
				ONLY_ACTIVE_ARCH = YES;
				PREBINDING = NO;
				SDKROOT = iphoneos2.2.1;
			};
			name = Debug;
		};
		C01FCF5008A954540054247B /* Release */ = {
			isa = XCBuildConfiguration;
			buildSettings = {
				ARCHS = "$(ARCHS_STANDARD_32_BIT)";
				CODE_SIGN_IDENTITY = "iPhone Developer: Gleb Gadyatskiy (S4A2PVAT6Z)";
				"CODE_SIGN_IDENTITY[sdk=iphoneos*]" = "iPhone Developer: Gleb Gadyatskiy (S4A2PVAT6Z)";
				GCC_C_LANGUAGE_STANDARD = c99;
				GCC_WARN_ABOUT_RETURN_TYPE = YES;
				GCC_WARN_UNUSED_VARIABLE = YES;
				PREBINDING = NO;
				SDKROOT = iphoneos2.2.1;
			};
			name = Release;
		};
/* End XCBuildConfiguration section */

/* Begin XCConfigurationList section */
		1D6058960D05DD3E006BFB54 /* Build configuration list for PBXNativeTarget "Player" */ = {
			isa = XCConfigurationList;
			buildConfigurations = (
				1D6058940D05DD3E006BFB54 /* Debug */,
				1D6058950D05DD3E006BFB54 /* Release */,
			);
			defaultConfigurationIsVisible = 0;
			defaultConfigurationName = Release;
		};
		C01FCF4E08A954540054247B /* Build configuration list for PBXProject "Player" */ = {
			isa = XCConfigurationList;
			buildConfigurations = (
				C01FCF4F08A954540054247B /* Debug */,
				C01FCF5008A954540054247B /* Release */,
			);
			defaultConfigurationIsVisible = 0;
			defaultConfigurationName = Release;
		};
/* End XCConfigurationList section */
	};
	rootObject = 29B97313FDCFA39411CA2CEA /* Project object */;
}
